// !$*UTF8*$!
{
	archiveVersion = 1;
	classes = {
	};
	objectVersion = 46;
	objects = {

/* Begin PBXBuildFile section */
		F4260509FE9CB6DED4B6C2ED /* Pods_EasingPlay.framework in Frameworks */ = {isa = PBXBuildFile; fileRef = EA02EFE227A7D78597B33B3E /* Pods_EasingPlay.framework */; };
		F62860001DE672E400467155 /* HeroIdle1.png in Resources */ = {isa = PBXBuildFile; fileRef = F6285FFF1DE672E400467155 /* HeroIdle1.png */; };
		F6E915801DE6695900CA2AEA /* AppDelegate.swift in Sources */ = {isa = PBXBuildFile; fileRef = F6E9157F1DE6695900CA2AEA /* AppDelegate.swift */; };
		F6E915821DE6695900CA2AEA /* GameScene.sks in Resources */ = {isa = PBXBuildFile; fileRef = F6E915811DE6695900CA2AEA /* GameScene.sks */; };
		F6E915841DE6695900CA2AEA /* Actions.sks in Resources */ = {isa = PBXBuildFile; fileRef = F6E915831DE6695900CA2AEA /* Actions.sks */; };
		F6E915861DE6695900CA2AEA /* GameScene.swift in Sources */ = {isa = PBXBuildFile; fileRef = F6E915851DE6695900CA2AEA /* GameScene.swift */; };
		F6E915881DE6695900CA2AEA /* GameViewController.swift in Sources */ = {isa = PBXBuildFile; fileRef = F6E915871DE6695900CA2AEA /* GameViewController.swift */; };
		F6E9158B1DE6695900CA2AEA /* Main.storyboard in Resources */ = {isa = PBXBuildFile; fileRef = F6E915891DE6695900CA2AEA /* Main.storyboard */; };
		F6E9158D1DE6695900CA2AEA /* Assets.xcassets in Resources */ = {isa = PBXBuildFile; fileRef = F6E9158C1DE6695900CA2AEA /* Assets.xcassets */; };
		F6E915901DE6695900CA2AEA /* LaunchScreen.storyboard in Resources */ = {isa = PBXBuildFile; fileRef = F6E9158E1DE6695900CA2AEA /* LaunchScreen.storyboard */; };
/* End PBXBuildFile section */

/* Begin PBXFileReference section */
		4677EA29737A9623BC5F17ED /* Pods-EasingPlay.release.xcconfig */ = {isa = PBXFileReference; includeInIndex = 1; lastKnownFileType = text.xcconfig; name = "Pods-EasingPlay.release.xcconfig"; path = "Pods/Target Support Files/Pods-EasingPlay/Pods-EasingPlay.release.xcconfig"; sourceTree = "<group>"; };
		57FB2298843D64DB33E30E0F /* Pods-EasingPlay.debug.xcconfig */ = {isa = PBXFileReference; includeInIndex = 1; lastKnownFileType = text.xcconfig; name = "Pods-EasingPlay.debug.xcconfig"; path = "Pods/Target Support Files/Pods-EasingPlay/Pods-EasingPlay.debug.xcconfig"; sourceTree = "<group>"; };
		EA02EFE227A7D78597B33B3E /* Pods_EasingPlay.framework */ = {isa = PBXFileReference; explicitFileType = wrapper.framework; includeInIndex = 0; path = Pods_EasingPlay.framework; sourceTree = BUILT_PRODUCTS_DIR; };
		F6285FFF1DE672E400467155 /* HeroIdle1.png */ = {isa = PBXFileReference; lastKnownFileType = image.png; path = HeroIdle1.png; sourceTree = "<group>"; };
		F6E9157C1DE6695900CA2AEA /* EasingPlay.app */ = {isa = PBXFileReference; explicitFileType = wrapper.application; includeInIndex = 0; path = EasingPlay.app; sourceTree = BUILT_PRODUCTS_DIR; };
		F6E9157F1DE6695900CA2AEA /* AppDelegate.swift */ = {isa = PBXFileReference; lastKnownFileType = sourcecode.swift; path = AppDelegate.swift; sourceTree = "<group>"; };
		F6E915811DE6695900CA2AEA /* GameScene.sks */ = {isa = PBXFileReference; lastKnownFileType = file.sks; path = GameScene.sks; sourceTree = "<group>"; };
		F6E915831DE6695900CA2AEA /* Actions.sks */ = {isa = PBXFileReference; lastKnownFileType = file.sks; path = Actions.sks; sourceTree = "<group>"; };
		F6E915851DE6695900CA2AEA /* GameScene.swift */ = {isa = PBXFileReference; lastKnownFileType = sourcecode.swift; path = GameScene.swift; sourceTree = "<group>"; };
		F6E915871DE6695900CA2AEA /* GameViewController.swift */ = {isa = PBXFileReference; lastKnownFileType = sourcecode.swift; path = GameViewController.swift; sourceTree = "<group>"; };
		F6E9158A1DE6695900CA2AEA /* Base */ = {isa = PBXFileReference; lastKnownFileType = file.storyboard; name = Base; path = Base.lproj/Main.storyboard; sourceTree = "<group>"; };
		F6E9158C1DE6695900CA2AEA /* Assets.xcassets */ = {isa = PBXFileReference; lastKnownFileType = folder.assetcatalog; path = Assets.xcassets; sourceTree = "<group>"; };
		F6E9158F1DE6695900CA2AEA /* Base */ = {isa = PBXFileReference; lastKnownFileType = file.storyboard; name = Base; path = Base.lproj/LaunchScreen.storyboard; sourceTree = "<group>"; };
		F6E915911DE6695900CA2AEA /* Info.plist */ = {isa = PBXFileReference; lastKnownFileType = text.plist.xml; path = Info.plist; sourceTree = "<group>"; };
/* End PBXFileReference section */

/* Begin PBXFrameworksBuildPhase section */
		F6E915791DE6695900CA2AEA /* Frameworks */ = {
			isa = PBXFrameworksBuildPhase;
			buildActionMask = 2147483647;
			files = (
				F4260509FE9CB6DED4B6C2ED /* Pods_EasingPlay.framework in Frameworks */,
			);
			runOnlyForDeploymentPostprocessing = 0;
		};
/* End PBXFrameworksBuildPhase section */

/* Begin PBXGroup section */
		5CCC922DA35F4285881A959E /* Pods */ = {
			isa = PBXGroup;
			children = (
				57FB2298843D64DB33E30E0F /* Pods-EasingPlay.debug.xcconfig */,
				4677EA29737A9623BC5F17ED /* Pods-EasingPlay.release.xcconfig */,
			);
			name = Pods;
			sourceTree = "<group>";
		};
		66C2A6644DFDAA2742F9FDAC /* Frameworks */ = {
			isa = PBXGroup;
			children = (
				EA02EFE227A7D78597B33B3E /* Pods_EasingPlay.framework */,
			);
			name = Frameworks;
			sourceTree = "<group>";
		};
		F6E915731DE6695900CA2AEA = {
			isa = PBXGroup;
			children = (
				F6E9157E1DE6695900CA2AEA /* EasingPlay */,
				F6E9157D1DE6695900CA2AEA /* Products */,
				5CCC922DA35F4285881A959E /* Pods */,
				66C2A6644DFDAA2742F9FDAC /* Frameworks */,
			);
			sourceTree = "<group>";
		};
		F6E9157D1DE6695900CA2AEA /* Products */ = {
			isa = PBXGroup;
			children = (
				F6E9157C1DE6695900CA2AEA /* EasingPlay.app */,
			);
			name = Products;
			sourceTree = "<group>";
		};
		F6E9157E1DE6695900CA2AEA /* EasingPlay */ = {
			isa = PBXGroup;
			children = (
				F6E9157F1DE6695900CA2AEA /* AppDelegate.swift */,
				F6E915811DE6695900CA2AEA /* GameScene.sks */,
				F6E915831DE6695900CA2AEA /* Actions.sks */,
				F6E915851DE6695900CA2AEA /* GameScene.swift */,
				F6E915871DE6695900CA2AEA /* GameViewController.swift */,
				F6285FFF1DE672E400467155 /* HeroIdle1.png */,
				F6E915891DE6695900CA2AEA /* Main.storyboard */,
				F6E9158C1DE6695900CA2AEA /* Assets.xcassets */,
				F6E9158E1DE6695900CA2AEA /* LaunchScreen.storyboard */,
				F6E915911DE6695900CA2AEA /* Info.plist */,
			);
			path = EasingPlay;
			sourceTree = "<group>";
		};
/* End PBXGroup section */

/* Begin PBXNativeTarget section */
		F6E9157B1DE6695900CA2AEA /* EasingPlay */ = {
			isa = PBXNativeTarget;
			buildConfigurationList = F6E915941DE6695900CA2AEA /* Build configuration list for PBXNativeTarget "EasingPlay" */;
			buildPhases = (
				8DB18478ADA2948B38D7DE66 /* 📦 Check Pods Manifest.lock */,
				F6E915781DE6695900CA2AEA /* Sources */,
				F6E915791DE6695900CA2AEA /* Frameworks */,
				F6E9157A1DE6695900CA2AEA /* Resources */,
				664D1B9666057B90BEFB5639 /* 📦 Embed Pods Frameworks */,
				E2DAA37D8FB64D7A68314159 /* 📦 Copy Pods Resources */,
			);
			buildRules = (
			);
			dependencies = (
			);
			name = EasingPlay;
			productName = EasingPlay;
			productReference = F6E9157C1DE6695900CA2AEA /* EasingPlay.app */;
			productType = "com.apple.product-type.application";
		};
/* End PBXNativeTarget section */

/* Begin PBXProject section */
		F6E915741DE6695900CA2AEA /* Project object */ = {
			isa = PBXProject;
			attributes = {
				LastSwiftUpdateCheck = 0820;
				LastUpgradeCheck = 0820;
				ORGANIZATIONNAME = "Sarah Smith";
				TargetAttributes = {
					F6E9157B1DE6695900CA2AEA = {
						CreatedOnToolsVersion = 8.2;
						DevelopmentTeam = 4563WH9VE2;
						LastSwiftMigration = 0820;
						ProvisioningStyle = Automatic;
					};
				};
			};
			buildConfigurationList = F6E915771DE6695900CA2AEA /* Build configuration list for PBXProject "EasingPlay" */;
			compatibilityVersion = "Xcode 3.2";
			developmentRegion = English;
			hasScannedForEncodings = 0;
			knownRegions = (
				en,
				Base,
			);
			mainGroup = F6E915731DE6695900CA2AEA;
			productRefGroup = F6E9157D1DE6695900CA2AEA /* Products */;
			projectDirPath = "";
			projectRoot = "";
			targets = (
				F6E9157B1DE6695900CA2AEA /* EasingPlay */,
			);
		};
/* End PBXProject section */

/* Begin PBXResourcesBuildPhase section */
		F6E9157A1DE6695900CA2AEA /* Resources */ = {
			isa = PBXResourcesBuildPhase;
			buildActionMask = 2147483647;
			files = (
				F6E9158B1DE6695900CA2AEA /* Main.storyboard in Resources */,
				F6E915821DE6695900CA2AEA /* GameScene.sks in Resources */,
				F6E9158D1DE6695900CA2AEA /* Assets.xcassets in Resources */,
				F62860001DE672E400467155 /* HeroIdle1.png in Resources */,
				F6E915901DE6695900CA2AEA /* LaunchScreen.storyboard in Resources */,
				F6E915841DE6695900CA2AEA /* Actions.sks in Resources */,
			);
			runOnlyForDeploymentPostprocessing = 0;
		};
/* End PBXResourcesBuildPhase section */

/* Begin PBXShellScriptBuildPhase section */
		664D1B9666057B90BEFB5639 /* 📦 Embed Pods Frameworks */ = {
			isa = PBXShellScriptBuildPhase;
			buildActionMask = 2147483647;
			files = (
			);
			inputPaths = (
			);
			name = "📦 Embed Pods Frameworks";
			outputPaths = (
			);
			runOnlyForDeploymentPostprocessing = 0;
			shellPath = /bin/sh;
			shellScript = "\"${SRCROOT}/Pods/Target Support Files/Pods-EasingPlay/Pods-EasingPlay-frameworks.sh\"\n";
			showEnvVarsInLog = 0;
		};
		8DB18478ADA2948B38D7DE66 /* 📦 Check Pods Manifest.lock */ = {
			isa = PBXShellScriptBuildPhase;
			buildActionMask = 2147483647;
			files = (
			);
			inputPaths = (
			);
			name = "📦 Check Pods Manifest.lock";
			outputPaths = (
			);
			runOnlyForDeploymentPostprocessing = 0;
			shellPath = /bin/sh;
			shellScript = "diff \"${PODS_ROOT}/../Podfile.lock\" \"${PODS_ROOT}/Manifest.lock\" > /dev/null\nif [[ $? != 0 ]] ; then\n    cat << EOM\nerror: The sandbox is not in sync with the Podfile.lock. Run 'pod install' or update your CocoaPods installation.\nEOM\n    exit 1\nfi\n";
			showEnvVarsInLog = 0;
		};
		E2DAA37D8FB64D7A68314159 /* 📦 Copy Pods Resources */ = {
			isa = PBXShellScriptBuildPhase;
			buildActionMask = 2147483647;
			files = (
			);
			inputPaths = (
			);
			name = "📦 Copy Pods Resources";
			outputPaths = (
			);
			runOnlyForDeploymentPostprocessing = 0;
			shellPath = /bin/sh;
			shellScript = "\"${SRCROOT}/Pods/Target Support Files/Pods-EasingPlay/Pods-EasingPlay-resources.sh\"\n";
			showEnvVarsInLog = 0;
		};
/* End PBXShellScriptBuildPhase section */

/* Begin PBXSourcesBuildPhase section */
		F6E915781DE6695900CA2AEA /* Sources */ = {
			isa = PBXSourcesBuildPhase;
			buildActionMask = 2147483647;
			files = (
				F6E915861DE6695900CA2AEA /* GameScene.swift in Sources */,
				F6E915881DE6695900CA2AEA /* GameViewController.swift in Sources */,
				F6E915801DE6695900CA2AEA /* AppDelegate.swift in Sources */,
			);
			runOnlyForDeploymentPostprocessing = 0;
		};
/* End PBXSourcesBuildPhase section */

/* Begin PBXVariantGroup section */
		F6E915891DE6695900CA2AEA /* Main.storyboard */ = {
			isa = PBXVariantGroup;
			children = (
				F6E9158A1DE6695900CA2AEA /* Base */,
			);
			name = Main.storyboard;
			sourceTree = "<group>";
		};
		F6E9158E1DE6695900CA2AEA /* LaunchScreen.storyboard */ = {
			isa = PBXVariantGroup;
			children = (
				F6E9158F1DE6695900CA2AEA /* Base */,
			);
			name = LaunchScreen.storyboard;
			sourceTree = "<group>";
		};
/* End PBXVariantGroup section */

/* Begin XCBuildConfiguration section */
		F6E915921DE6695900CA2AEA /* Debug */ = {
			isa = XCBuildConfiguration;
			buildSettings = {
				ALWAYS_SEARCH_USER_PATHS = NO;
				CLANG_ANALYZER_NONNULL = YES;
				CLANG_CXX_LANGUAGE_STANDARD = "gnu++0x";
				CLANG_CXX_LIBRARY = "libc++";
				CLANG_ENABLE_MODULES = YES;
				CLANG_ENABLE_OBJC_ARC = YES;
				CLANG_WARN_BOOL_CONVERSION = YES;
				CLANG_WARN_CONSTANT_CONVERSION = YES;
				CLANG_WARN_DIRECT_OBJC_ISA_USAGE = YES_ERROR;
				CLANG_WARN_DOCUMENTATION_COMMENTS = YES;
				CLANG_WARN_EMPTY_BODY = YES;
				CLANG_WARN_ENUM_CONVERSION = YES;
				CLANG_WARN_INFINITE_RECURSION = YES;
				CLANG_WARN_INT_CONVERSION = YES;
				CLANG_WARN_OBJC_ROOT_CLASS = YES_ERROR;
				CLANG_WARN_SUSPICIOUS_MOVE = YES;
				CLANG_WARN_UNREACHABLE_CODE = YES;
				CLANG_WARN__DUPLICATE_METHOD_MATCH = YES;
				"CODE_SIGN_IDENTITY[sdk=iphoneos*]" = "iPhone Developer";
				COPY_PHASE_STRIP = NO;
				DEBUG_INFORMATION_FORMAT = dwarf;
				ENABLE_STRICT_OBJC_MSGSEND = YES;
				ENABLE_TESTABILITY = YES;
				GCC_C_LANGUAGE_STANDARD = gnu99;
				GCC_DYNAMIC_NO_PIC = NO;
				GCC_NO_COMMON_BLOCKS = YES;
				GCC_OPTIMIZATION_LEVEL = 0;
				GCC_PREPROCESSOR_DEFINITIONS = (
					"DEBUG=1",
					"$(inherited)",
				);
				GCC_WARN_64_TO_32_BIT_CONVERSION = YES;
				GCC_WARN_ABOUT_RETURN_TYPE = YES_ERROR;
				GCC_WARN_UNDECLARED_SELECTOR = YES;
				GCC_WARN_UNINITIALIZED_AUTOS = YES_AGGRESSIVE;
				GCC_WARN_UNUSED_FUNCTION = YES;
				GCC_WARN_UNUSED_VARIABLE = YES;
				IPHONEOS_DEPLOYMENT_TARGET = 10.2;
				MTL_ENABLE_DEBUG_INFO = YES;
				ONLY_ACTIVE_ARCH = YES;
				SDKROOT = iphoneos;
				SWIFT_ACTIVE_COMPILATION_CONDITIONS = DEBUG;
				SWIFT_OPTIMIZATION_LEVEL = "-Onone";
			};
			name = Debug;
		};
		F6E915931DE6695900CA2AEA /* Release */ = {
			isa = XCBuildConfiguration;
			buildSettings = {
				ALWAYS_SEARCH_USER_PATHS = NO;
				CLANG_ANALYZER_NONNULL = YES;
				CLANG_CXX_LANGUAGE_STANDARD = "gnu++0x";
				CLANG_CXX_LIBRARY = "libc++";
				CLANG_ENABLE_MODULES = YES;
				CLANG_ENABLE_OBJC_ARC = YES;
				CLANG_WARN_BOOL_CONVERSION = YES;
				CLANG_WARN_CONSTANT_CONVERSION = YES;
				CLANG_WARN_DIRECT_OBJC_ISA_USAGE = YES_ERROR;
				CLANG_WARN_DOCUMENTATION_COMMENTS = YES;
				CLANG_WARN_EMPTY_BODY = YES;
				CLANG_WARN_ENUM_CONVERSION = YES;
				CLANG_WARN_INFINITE_RECURSION = YES;
				CLANG_WARN_INT_CONVERSION = YES;
				CLANG_WARN_OBJC_ROOT_CLASS = YES_ERROR;
				CLANG_WARN_SUSPICIOUS_MOVE = YES;
				CLANG_WARN_UNREACHABLE_CODE = YES;
				CLANG_WARN__DUPLICATE_METHOD_MATCH = YES;
				"CODE_SIGN_IDENTITY[sdk=iphoneos*]" = "iPhone Developer";
				COPY_PHASE_STRIP = NO;
				DEBUG_INFORMATION_FORMAT = "dwarf-with-dsym";
				ENABLE_NS_ASSERTIONS = NO;
				ENABLE_STRICT_OBJC_MSGSEND = YES;
				GCC_C_LANGUAGE_STANDARD = gnu99;
				GCC_NO_COMMON_BLOCKS = YES;
				GCC_WARN_64_TO_32_BIT_CONVERSION = YES;
				GCC_WARN_ABOUT_RETURN_TYPE = YES_ERROR;
				GCC_WARN_UNDECLARED_SELECTOR = YES;
				GCC_WARN_UNINITIALIZED_AUTOS = YES_AGGRESSIVE;
				GCC_WARN_UNUSED_FUNCTION = YES;
				GCC_WARN_UNUSED_VARIABLE = YES;
				IPHONEOS_DEPLOYMENT_TARGET = 10.2;
				MTL_ENABLE_DEBUG_INFO = NO;
				SDKROOT = iphoneos;
				SWIFT_OPTIMIZATION_LEVEL = "-Owholemodule";
				VALIDATE_PRODUCT = YES;
			};
			name = Release;
		};
		F6E915951DE6695900CA2AEA /* Debug */ = {
			isa = XCBuildConfiguration;
			baseConfigurationReference = 57FB2298843D64DB33E30E0F /* Pods-EasingPlay.debug.xcconfig */;
			buildSettings = {
				ASSETCATALOG_COMPILER_APPICON_NAME = AppIcon;
				DEVELOPMENT_TEAM = 4563WH9VE2;
				INFOPLIST_FILE = EasingPlay/Info.plist;
				IPHONEOS_DEPLOYMENT_TARGET = 10.2;
				LD_RUNPATH_SEARCH_PATHS = "$(inherited) @executable_path/Frameworks";
				PRODUCT_BUNDLE_IDENTIFIER = au.com.smithsoft.EasingPlay;
				PRODUCT_NAME = "$(TARGET_NAME)";
				SWIFT_VERSION = 3.0;
			};
			name = Debug;
		};
		F6E915961DE6695900CA2AEA /* Release */ = {
			isa = XCBuildConfiguration;
			baseConfigurationReference = 4677EA29737A9623BC5F17ED /* Pods-EasingPlay.release.xcconfig */;
			buildSettings = {
				ASSETCATALOG_COMPILER_APPICON_NAME = AppIcon;
				DEVELOPMENT_TEAM = 4563WH9VE2;
				INFOPLIST_FILE = EasingPlay/Info.plist;
				IPHONEOS_DEPLOYMENT_TARGET = 10.2;
				LD_RUNPATH_SEARCH_PATHS = "$(inherited) @executable_path/Frameworks";
				PRODUCT_BUNDLE_IDENTIFIER = au.com.smithsoft.EasingPlay;
				PRODUCT_NAME = "$(TARGET_NAME)";
				SWIFT_VERSION = 3.0;
			};
			name = Release;
		};
/* End XCBuildConfiguration section */

/* Begin XCConfigurationList section */
		F6E915771DE6695900CA2AEA /* Build configuration list for PBXProject "EasingPlay" */ = {
			isa = XCConfigurationList;
			buildConfigurations = (
				F6E915921DE6695900CA2AEA /* Debug */,
				F6E915931DE6695900CA2AEA /* Release */,
			);
			defaultConfigurationIsVisible = 0;
			defaultConfigurationName = Release;
		};
		F6E915941DE6695900CA2AEA /* Build configuration list for PBXNativeTarget "EasingPlay" */ = {
			isa = XCConfigurationList;
			buildConfigurations = (
				F6E915951DE6695900CA2AEA /* Debug */,
				F6E915961DE6695900CA2AEA /* Release */,
			);
			defaultConfigurationIsVisible = 0;
			defaultConfigurationName = Release;
		};
/* End XCConfigurationList section */
	};
	rootObject = F6E915741DE6695900CA2AEA /* Project object */;
}
